{
  "pins" : [
    {
      "identity" : "keyboardshortcuts",
      "kind" : "remoteSourceControl",
      "location" : "https://github.com/sindresorhus/KeyboardShortcuts",
      "state" : {
        "branch" : "main",
        "revision" : "a99680cbbb030eeed5b8bbbfc8b140a03335dd91"
      }
    }
  ],
  "version" : 2
}
